// !$*UTF8*$!
{
	archiveVersion = 1;
	classes = {
	};
	objectVersion = 50;
	objects = {

/* Begin PBXBuildFile section */
		2CA149E3D22ACE2F20887BB8 /* Pods_Sleepsta.framework in Frameworks */ = {isa = PBXBuildFile; fileRef = DBBFB566A31510DCB703AFC2 /* Pods_Sleepsta.framework */; };
		3409CBE72262AF3F00E5EF78 /* ContentStateViewController.swift in Sources */ = {isa = PBXBuildFile; fileRef = 3409CBE62262AF3F00E5EF78 /* ContentStateViewController.swift */; };
		3409CBE92262B07200E5EF78 /* UIViewController+Container.swift in Sources */ = {isa = PBXBuildFile; fileRef = 3409CBE82262B07200E5EF78 /* UIViewController+Container.swift */; };
		34117B67224D633A001DD360 /* MainTabBarController.swift in Sources */ = {isa = PBXBuildFile; fileRef = 34117B66224D633A001DD360 /* MainTabBarController.swift */; };
		3435346F2242B3CB00CCB1C5 /* AppDelegate.swift in Sources */ = {isa = PBXBuildFile; fileRef = 3435346E2242B3CB00CCB1C5 /* AppDelegate.swift */; };
		343534742242B3CB00CCB1C5 /* Main.storyboard in Resources */ = {isa = PBXBuildFile; fileRef = 343534722242B3CB00CCB1C5 /* Main.storyboard */; };
		343534762242B3CC00CCB1C5 /* Assets.xcassets in Resources */ = {isa = PBXBuildFile; fileRef = 343534752242B3CC00CCB1C5 /* Assets.xcassets */; };
		343534792242B3CC00CCB1C5 /* LaunchScreen.storyboard in Resources */ = {isa = PBXBuildFile; fileRef = 343534772242B3CC00CCB1C5 /* LaunchScreen.storyboard */; };
		343F50E4226677460075C075 /* alarm.mp3 in Resources */ = {isa = PBXBuildFile; fileRef = 343F50E3226677460075C075 /* alarm.mp3 */; };
		343F50E622667F190075C075 /* DailyDataTests.swift in Sources */ = {isa = PBXBuildFile; fileRef = 343F50E522667F190075C075 /* DailyDataTests.swift */; };
		343F50E822667F670075C075 /* SampleDailyData.swift in Sources */ = {isa = PBXBuildFile; fileRef = 343F50E722667F670075C075 /* SampleDailyData.swift */; };
		345CE0912242CA7B005B5725 /* LoginViewController.swift in Sources */ = {isa = PBXBuildFile; fileRef = 345CE0902242CA7B005B5725 /* LoginViewController.swift */; };
		345CE0952242D0B4005B5725 /* GradientView.swift in Sources */ = {isa = PBXBuildFile; fileRef = 345CE0942242D0B4005B5725 /* GradientView.swift */; };
		345CE0972242D107005B5725 /* UIColor+CustomColors.swift in Sources */ = {isa = PBXBuildFile; fileRef = 345CE0962242D107005B5725 /* UIColor+CustomColors.swift */; };
		345CE09B2242D3BD005B5725 /* SLTextField.swift in Sources */ = {isa = PBXBuildFile; fileRef = 345CE09A2242D3BD005B5725 /* SLTextField.swift */; };
		345CE09D2242DAC6005B5725 /* ShiftableViewController.swift in Sources */ = {isa = PBXBuildFile; fileRef = 345CE09C2242DAC6005B5725 /* ShiftableViewController.swift */; };
		345CE0A02242E568005B5725 /* AlarmSetupViewController.swift in Sources */ = {isa = PBXBuildFile; fileRef = 345CE09F2242E568005B5725 /* AlarmSetupViewController.swift */; };
		345CE0A22242E9D2005B5725 /* SLDatePickerView.swift in Sources */ = {isa = PBXBuildFile; fileRef = 345CE0A12242E9D2005B5725 /* SLDatePickerView.swift */; };
		345CE0A42242F80C005B5725 /* User.swift in Sources */ = {isa = PBXBuildFile; fileRef = 345CE0A32242F80C005B5725 /* User.swift */; };
		346CB5492256C43A0022CD84 /* PostBedSurveyViewController.swift in Sources */ = {isa = PBXBuildFile; fileRef = 346CB5482256C43A0022CD84 /* PostBedSurveyViewController.swift */; };
		346CB54B2256CFA40022CD84 /* UIButton+CustomButtons.swift in Sources */ = {isa = PBXBuildFile; fileRef = 346CB54A2256CFA40022CD84 /* UIButton+CustomButtons.swift */; };
		347967D62253F222007D72FB /* SettingsTableViewController.swift in Sources */ = {isa = PBXBuildFile; fileRef = 347967D52253F222007D72FB /* SettingsTableViewController.swift */; };
		347967D82253FFF3007D72FB /* LocalNotificationHelper.swift in Sources */ = {isa = PBXBuildFile; fileRef = 347967D72253FFF3007D72FB /* LocalNotificationHelper.swift */; };
		347967DA225416AB007D72FB /* UIView+CustomViews.swift in Sources */ = {isa = PBXBuildFile; fileRef = 347967D9225416AB007D72FB /* UIView+CustomViews.swift */; };
		347967DC22541B4F007D72FB /* String+Keys.swift in Sources */ = {isa = PBXBuildFile; fileRef = 347967DB22541B4F007D72FB /* String+Keys.swift */; };
		348671F5224D30100092A2E8 /* StatsViewController.swift in Sources */ = {isa = PBXBuildFile; fileRef = 348671F4224D30100092A2E8 /* StatsViewController.swift */; };
		348671F7224D307C0092A2E8 /* sample-data.json in Resources */ = {isa = PBXBuildFile; fileRef = 348671F6224D307C0092A2E8 /* sample-data.json */; };
		349947402249722700BE41B2 /* MotionManager.swift in Sources */ = {isa = PBXBuildFile; fileRef = 3499473F2249722700BE41B2 /* MotionManager.swift */; };
		349947422249725E00BE41B2 /* MotionData.swift in Sources */ = {isa = PBXBuildFile; fileRef = 349947412249725E00BE41B2 /* MotionData.swift */; };
		349FC373225F934200A22805 /* NetworkDataLoader.swift in Sources */ = {isa = PBXBuildFile; fileRef = 349FC372225F934200A22805 /* NetworkDataLoader.swift */; };
		349FC375225F95DB00A22805 /* TestJSON.swift in Sources */ = {isa = PBXBuildFile; fileRef = 349FC374225F95DB00A22805 /* TestJSON.swift */; };
		349FC377225F9B9E00A22805 /* MockLoader.swift in Sources */ = {isa = PBXBuildFile; fileRef = 349FC376225F9B9E00A22805 /* MockLoader.swift */; };
		349FC379225F9BD700A22805 /* DailyDataControllerTests.swift in Sources */ = {isa = PBXBuildFile; fileRef = 349FC378225F9BD700A22805 /* DailyDataControllerTests.swift */; };
		34A01EB922565722004CFD30 /* UIView+Constraints.swift in Sources */ = {isa = PBXBuildFile; fileRef = 34A01EB822565722004CFD30 /* UIView+Constraints.swift */; };
		34A01EBB225658B0004CFD30 /* SleepTrackingViewController.swift in Sources */ = {isa = PBXBuildFile; fileRef = 34A01EBA225658B0004CFD30 /* SleepTrackingViewController.swift */; };
		34A45FA42264E416005738B6 /* SelectedSongViewController.swift in Sources */ = {isa = PBXBuildFile; fileRef = 34A45FA32264E416005738B6 /* SelectedSongViewController.swift */; };
		34AA417622499DA200366391 /* DailyData.swift in Sources */ = {isa = PBXBuildFile; fileRef = 34AA417522499DA200366391 /* DailyData.swift */; };
		34AD1CCB22568B3600382891 /* UILabel+CustomLabels.swift in Sources */ = {isa = PBXBuildFile; fileRef = 34AD1CCA22568B3600382891 /* UILabel+CustomLabels.swift */; };
		34C02428225264B90053DCAA /* DailyData+SampleGenerator.swift in Sources */ = {isa = PBXBuildFile; fileRef = 34C02427225264B90053DCAA /* DailyData+SampleGenerator.swift */; };
		34C0242A2252804E0053DCAA /* TestingViewController.swift in Sources */ = {isa = PBXBuildFile; fileRef = 34C024292252804E0053DCAA /* TestingViewController.swift */; };
		34C0242C2252B40B0053DCAA /* StatsPageViewController.swift in Sources */ = {isa = PBXBuildFile; fileRef = 34C0242B2252B40B0053DCAA /* StatsPageViewController.swift */; };
		34EC9C86225508AA00ECB553 /* SLSlideControl.swift in Sources */ = {isa = PBXBuildFile; fileRef = 34EC9C85225508AA00ECB553 /* SLSlideControl.swift */; };
		34EC9C882255595C00ECB553 /* SleepTrackingPresentationViewController.swift in Sources */ = {isa = PBXBuildFile; fileRef = 34EC9C872255595C00ECB553 /* SleepTrackingPresentationViewController.swift */; };
		34EC9C8A22555AD100ECB553 /* SLViewController.swift in Sources */ = {isa = PBXBuildFile; fileRef = 34EC9C8922555AD100ECB553 /* SLViewController.swift */; };
		34EC9C8C22555CBB00ECB553 /* PreBedSurveyViewController.swift in Sources */ = {isa = PBXBuildFile; fileRef = 34EC9C8B22555CBB00ECB553 /* PreBedSurveyViewController.swift */; };
		34F89F0D224AA43C0070A5A0 /* DailyDataController.swift in Sources */ = {isa = PBXBuildFile; fileRef = 34F89F0C224AA43C0070A5A0 /* DailyDataController.swift */; };
		34F89F0F224AAF900070A5A0 /* String+URLS.swift in Sources */ = {isa = PBXBuildFile; fileRef = 34F89F0E224AAF900070A5A0 /* String+URLS.swift */; };
		34FD331D224BD9E400A0EFC6 /* UIAlertController+InformationalAlert.swift in Sources */ = {isa = PBXBuildFile; fileRef = 34FD331C224BD9E400A0EFC6 /* UIAlertController+InformationalAlert.swift */; };
		34FD331F224BDB4B00A0EFC6 /* AVSessionHelper.swift in Sources */ = {isa = PBXBuildFile; fileRef = 34FD331E224BDB4B00A0EFC6 /* AVSessionHelper.swift */; };
		34FD3321224BE31000A0EFC6 /* AudioPlayer.swift in Sources */ = {isa = PBXBuildFile; fileRef = 34FD3320224BE31000A0EFC6 /* AudioPlayer.swift */; };
		34FD3323224BE37C00A0EFC6 /* AlarmManager.swift in Sources */ = {isa = PBXBuildFile; fileRef = 34FD3322224BE37C00A0EFC6 /* AlarmManager.swift */; };
		8AB93F105170F484AF100DDC /* Pods_SleepstaTests.framework in Frameworks */ = {isa = PBXBuildFile; fileRef = 076225E39480752D124ECCD9 /* Pods_SleepstaTests.framework */; };
/* End PBXBuildFile section */

/* Begin PBXContainerItemProxy section */
		343534802242B3CD00CCB1C5 /* PBXContainerItemProxy */ = {
			isa = PBXContainerItemProxy;
			containerPortal = 343534632242B3CB00CCB1C5 /* Project object */;
			proxyType = 1;
			remoteGlobalIDString = 3435346A2242B3CB00CCB1C5;
			remoteInfo = Sleepsta;
		};
/* End PBXContainerItemProxy section */

/* Begin PBXFileReference section */
		076225E39480752D124ECCD9 /* Pods_SleepstaTests.framework */ = {isa = PBXFileReference; explicitFileType = wrapper.framework; includeInIndex = 0; path = Pods_SleepstaTests.framework; sourceTree = BUILT_PRODUCTS_DIR; };
		3409CBE62262AF3F00E5EF78 /* ContentStateViewController.swift */ = {isa = PBXFileReference; lastKnownFileType = sourcecode.swift; path = ContentStateViewController.swift; sourceTree = "<group>"; };
		3409CBE82262B07200E5EF78 /* UIViewController+Container.swift */ = {isa = PBXFileReference; lastKnownFileType = sourcecode.swift; path = "UIViewController+Container.swift"; sourceTree = "<group>"; };
		34117B66224D633A001DD360 /* MainTabBarController.swift */ = {isa = PBXFileReference; lastKnownFileType = sourcecode.swift; path = MainTabBarController.swift; sourceTree = "<group>"; };
		3435346B2242B3CB00CCB1C5 /* Sleepsta.app */ = {isa = PBXFileReference; explicitFileType = wrapper.application; includeInIndex = 0; path = Sleepsta.app; sourceTree = BUILT_PRODUCTS_DIR; };
		3435346E2242B3CB00CCB1C5 /* AppDelegate.swift */ = {isa = PBXFileReference; lastKnownFileType = sourcecode.swift; path = AppDelegate.swift; sourceTree = "<group>"; };
		343534732242B3CB00CCB1C5 /* Base */ = {isa = PBXFileReference; lastKnownFileType = file.storyboard; name = Base; path = Base.lproj/Main.storyboard; sourceTree = "<group>"; };
		343534752242B3CC00CCB1C5 /* Assets.xcassets */ = {isa = PBXFileReference; lastKnownFileType = folder.assetcatalog; path = Assets.xcassets; sourceTree = "<group>"; };
		343534782242B3CC00CCB1C5 /* Base */ = {isa = PBXFileReference; lastKnownFileType = file.storyboard; name = Base; path = Base.lproj/LaunchScreen.storyboard; sourceTree = "<group>"; };
		3435347A2242B3CD00CCB1C5 /* Info.plist */ = {isa = PBXFileReference; lastKnownFileType = text.plist.xml; path = Info.plist; sourceTree = "<group>"; };
		3435347F2242B3CD00CCB1C5 /* SleepstaTests.xctest */ = {isa = PBXFileReference; explicitFileType = wrapper.cfbundle; includeInIndex = 0; path = SleepstaTests.xctest; sourceTree = BUILT_PRODUCTS_DIR; };
		343534852242B3CD00CCB1C5 /* Info.plist */ = {isa = PBXFileReference; lastKnownFileType = text.plist.xml; path = Info.plist; sourceTree = "<group>"; };
		343F50E3226677460075C075 /* alarm.mp3 */ = {isa = PBXFileReference; lastKnownFileType = audio.mp3; path = alarm.mp3; sourceTree = "<group>"; };
		343F50E522667F190075C075 /* DailyDataTests.swift */ = {isa = PBXFileReference; lastKnownFileType = sourcecode.swift; path = DailyDataTests.swift; sourceTree = "<group>"; };
		343F50E722667F670075C075 /* SampleDailyData.swift */ = {isa = PBXFileReference; lastKnownFileType = sourcecode.swift; path = SampleDailyData.swift; sourceTree = "<group>"; };
		345CE0902242CA7B005B5725 /* LoginViewController.swift */ = {isa = PBXFileReference; lastKnownFileType = sourcecode.swift; path = LoginViewController.swift; sourceTree = "<group>"; };
		345CE0942242D0B4005B5725 /* GradientView.swift */ = {isa = PBXFileReference; lastKnownFileType = sourcecode.swift; path = GradientView.swift; sourceTree = "<group>"; };
		345CE0962242D107005B5725 /* UIColor+CustomColors.swift */ = {isa = PBXFileReference; lastKnownFileType = sourcecode.swift; path = "UIColor+CustomColors.swift"; sourceTree = "<group>"; };
		345CE09A2242D3BD005B5725 /* SLTextField.swift */ = {isa = PBXFileReference; lastKnownFileType = sourcecode.swift; path = SLTextField.swift; sourceTree = "<group>"; };
		345CE09C2242DAC6005B5725 /* ShiftableViewController.swift */ = {isa = PBXFileReference; lastKnownFileType = sourcecode.swift; path = ShiftableViewController.swift; sourceTree = "<group>"; };
		345CE09F2242E568005B5725 /* AlarmSetupViewController.swift */ = {isa = PBXFileReference; lastKnownFileType = sourcecode.swift; path = AlarmSetupViewController.swift; sourceTree = "<group>"; };
		345CE0A12242E9D2005B5725 /* SLDatePickerView.swift */ = {isa = PBXFileReference; lastKnownFileType = sourcecode.swift; path = SLDatePickerView.swift; sourceTree = "<group>"; };
		345CE0A32242F80C005B5725 /* User.swift */ = {isa = PBXFileReference; lastKnownFileType = sourcecode.swift; path = User.swift; sourceTree = "<group>"; };
		346CB5482256C43A0022CD84 /* PostBedSurveyViewController.swift */ = {isa = PBXFileReference; lastKnownFileType = sourcecode.swift; path = PostBedSurveyViewController.swift; sourceTree = "<group>"; };
		346CB54A2256CFA40022CD84 /* UIButton+CustomButtons.swift */ = {isa = PBXFileReference; lastKnownFileType = sourcecode.swift; path = "UIButton+CustomButtons.swift"; sourceTree = "<group>"; };
		347967D52253F222007D72FB /* SettingsTableViewController.swift */ = {isa = PBXFileReference; lastKnownFileType = sourcecode.swift; path = SettingsTableViewController.swift; sourceTree = "<group>"; };
		347967D72253FFF3007D72FB /* LocalNotificationHelper.swift */ = {isa = PBXFileReference; lastKnownFileType = sourcecode.swift; path = LocalNotificationHelper.swift; sourceTree = "<group>"; };
		347967D9225416AB007D72FB /* UIView+CustomViews.swift */ = {isa = PBXFileReference; lastKnownFileType = sourcecode.swift; path = "UIView+CustomViews.swift"; sourceTree = "<group>"; };
		347967DB22541B4F007D72FB /* String+Keys.swift */ = {isa = PBXFileReference; lastKnownFileType = sourcecode.swift; path = "String+Keys.swift"; sourceTree = "<group>"; };
		348671F4224D30100092A2E8 /* StatsViewController.swift */ = {isa = PBXFileReference; lastKnownFileType = sourcecode.swift; path = StatsViewController.swift; sourceTree = "<group>"; };
		348671F6224D307C0092A2E8 /* sample-data.json */ = {isa = PBXFileReference; fileEncoding = 4; lastKnownFileType = text.json; path = "sample-data.json"; sourceTree = "<group>"; };
		3499473F2249722700BE41B2 /* MotionManager.swift */ = {isa = PBXFileReference; lastKnownFileType = sourcecode.swift; path = MotionManager.swift; sourceTree = "<group>"; };
		349947412249725E00BE41B2 /* MotionData.swift */ = {isa = PBXFileReference; lastKnownFileType = sourcecode.swift; path = MotionData.swift; sourceTree = "<group>"; };
		349FC372225F934200A22805 /* NetworkDataLoader.swift */ = {isa = PBXFileReference; lastKnownFileType = sourcecode.swift; path = NetworkDataLoader.swift; sourceTree = "<group>"; };
		349FC374225F95DB00A22805 /* TestJSON.swift */ = {isa = PBXFileReference; lastKnownFileType = sourcecode.swift; path = TestJSON.swift; sourceTree = "<group>"; };
		349FC376225F9B9E00A22805 /* MockLoader.swift */ = {isa = PBXFileReference; lastKnownFileType = sourcecode.swift; path = MockLoader.swift; sourceTree = "<group>"; };
		349FC378225F9BD700A22805 /* DailyDataControllerTests.swift */ = {isa = PBXFileReference; lastKnownFileType = sourcecode.swift; path = DailyDataControllerTests.swift; sourceTree = "<group>"; };
		34A01EB822565722004CFD30 /* UIView+Constraints.swift */ = {isa = PBXFileReference; lastKnownFileType = sourcecode.swift; path = "UIView+Constraints.swift"; sourceTree = "<group>"; };
		34A01EBA225658B0004CFD30 /* SleepTrackingViewController.swift */ = {isa = PBXFileReference; lastKnownFileType = sourcecode.swift; path = SleepTrackingViewController.swift; sourceTree = "<group>"; };
		34A45FA32264E416005738B6 /* SelectedSongViewController.swift */ = {isa = PBXFileReference; lastKnownFileType = sourcecode.swift; path = SelectedSongViewController.swift; sourceTree = "<group>"; };
		34AA417522499DA200366391 /* DailyData.swift */ = {isa = PBXFileReference; lastKnownFileType = sourcecode.swift; path = DailyData.swift; sourceTree = "<group>"; };
		34AD1CCA22568B3600382891 /* UILabel+CustomLabels.swift */ = {isa = PBXFileReference; lastKnownFileType = sourcecode.swift; path = "UILabel+CustomLabels.swift"; sourceTree = "<group>"; };
		34C02427225264B90053DCAA /* DailyData+SampleGenerator.swift */ = {isa = PBXFileReference; lastKnownFileType = sourcecode.swift; path = "DailyData+SampleGenerator.swift"; sourceTree = "<group>"; };
		34C024292252804E0053DCAA /* TestingViewController.swift */ = {isa = PBXFileReference; lastKnownFileType = sourcecode.swift; path = TestingViewController.swift; sourceTree = "<group>"; };
		34C0242B2252B40B0053DCAA /* StatsPageViewController.swift */ = {isa = PBXFileReference; lastKnownFileType = sourcecode.swift; path = StatsPageViewController.swift; sourceTree = "<group>"; };
		34EC9C85225508AA00ECB553 /* SLSlideControl.swift */ = {isa = PBXFileReference; lastKnownFileType = sourcecode.swift; path = SLSlideControl.swift; sourceTree = "<group>"; };
		34EC9C872255595C00ECB553 /* SleepTrackingPresentationViewController.swift */ = {isa = PBXFileReference; lastKnownFileType = sourcecode.swift; path = SleepTrackingPresentationViewController.swift; sourceTree = "<group>"; };
		34EC9C8922555AD100ECB553 /* SLViewController.swift */ = {isa = PBXFileReference; lastKnownFileType = sourcecode.swift; path = SLViewController.swift; sourceTree = "<group>"; };
		34EC9C8B22555CBB00ECB553 /* PreBedSurveyViewController.swift */ = {isa = PBXFileReference; lastKnownFileType = sourcecode.swift; path = PreBedSurveyViewController.swift; sourceTree = "<group>"; };
		34F89F0C224AA43C0070A5A0 /* DailyDataController.swift */ = {isa = PBXFileReference; lastKnownFileType = sourcecode.swift; path = DailyDataController.swift; sourceTree = "<group>"; };
		34F89F0E224AAF900070A5A0 /* String+URLS.swift */ = {isa = PBXFileReference; lastKnownFileType = sourcecode.swift; path = "String+URLS.swift"; sourceTree = "<group>"; };
		34FD331C224BD9E400A0EFC6 /* UIAlertController+InformationalAlert.swift */ = {isa = PBXFileReference; lastKnownFileType = sourcecode.swift; path = "UIAlertController+InformationalAlert.swift"; sourceTree = "<group>"; };
		34FD331E224BDB4B00A0EFC6 /* AVSessionHelper.swift */ = {isa = PBXFileReference; lastKnownFileType = sourcecode.swift; path = AVSessionHelper.swift; sourceTree = "<group>"; };
		34FD3320224BE31000A0EFC6 /* AudioPlayer.swift */ = {isa = PBXFileReference; lastKnownFileType = sourcecode.swift; path = AudioPlayer.swift; sourceTree = "<group>"; };
		34FD3322224BE37C00A0EFC6 /* AlarmManager.swift */ = {isa = PBXFileReference; lastKnownFileType = sourcecode.swift; path = AlarmManager.swift; sourceTree = "<group>"; };
		3775738036A98945C6D7C5F1 /* Pods-Sleepsta.debug.xcconfig */ = {isa = PBXFileReference; includeInIndex = 1; lastKnownFileType = text.xcconfig; name = "Pods-Sleepsta.debug.xcconfig"; path = "Target Support Files/Pods-Sleepsta/Pods-Sleepsta.debug.xcconfig"; sourceTree = "<group>"; };
		62A72A55B7E72B9E8ED8B9B4 /* Pods-Sleepsta.release.xcconfig */ = {isa = PBXFileReference; includeInIndex = 1; lastKnownFileType = text.xcconfig; name = "Pods-Sleepsta.release.xcconfig"; path = "Target Support Files/Pods-Sleepsta/Pods-Sleepsta.release.xcconfig"; sourceTree = "<group>"; };
		8D8983DCE380FBEB12116724 /* Pods-SleepstaTests.release.xcconfig */ = {isa = PBXFileReference; includeInIndex = 1; lastKnownFileType = text.xcconfig; name = "Pods-SleepstaTests.release.xcconfig"; path = "Target Support Files/Pods-SleepstaTests/Pods-SleepstaTests.release.xcconfig"; sourceTree = "<group>"; };
		BB67BA4AC4BD7BAA38E45182 /* Pods-SleepstaTests.debug.xcconfig */ = {isa = PBXFileReference; includeInIndex = 1; lastKnownFileType = text.xcconfig; name = "Pods-SleepstaTests.debug.xcconfig"; path = "Target Support Files/Pods-SleepstaTests/Pods-SleepstaTests.debug.xcconfig"; sourceTree = "<group>"; };
		DBBFB566A31510DCB703AFC2 /* Pods_Sleepsta.framework */ = {isa = PBXFileReference; explicitFileType = wrapper.framework; includeInIndex = 0; path = Pods_Sleepsta.framework; sourceTree = BUILT_PRODUCTS_DIR; };
/* End PBXFileReference section */

/* Begin PBXFrameworksBuildPhase section */
		343534682242B3CB00CCB1C5 /* Frameworks */ = {
			isa = PBXFrameworksBuildPhase;
			buildActionMask = 2147483647;
			files = (
				2CA149E3D22ACE2F20887BB8 /* Pods_Sleepsta.framework in Frameworks */,
			);
			runOnlyForDeploymentPostprocessing = 0;
		};
		3435347C2242B3CD00CCB1C5 /* Frameworks */ = {
			isa = PBXFrameworksBuildPhase;
			buildActionMask = 2147483647;
			files = (
				8AB93F105170F484AF100DDC /* Pods_SleepstaTests.framework in Frameworks */,
			);
			runOnlyForDeploymentPostprocessing = 0;
		};
/* End PBXFrameworksBuildPhase section */

/* Begin PBXGroup section */
		343534622242B3CB00CCB1C5 = {
			isa = PBXGroup;
			children = (
				3435346D2242B3CB00CCB1C5 /* Sleepsta */,
				343534822242B3CD00CCB1C5 /* SleepstaTests */,
				3435346C2242B3CB00CCB1C5 /* Products */,
				509358ECE39ED79B190DBBA9 /* Pods */,
				354B53D6FC9C32EA48C58C43 /* Frameworks */,
			);
			sourceTree = "<group>";
		};
		3435346C2242B3CB00CCB1C5 /* Products */ = {
			isa = PBXGroup;
			children = (
				3435346B2242B3CB00CCB1C5 /* Sleepsta.app */,
				3435347F2242B3CD00CCB1C5 /* SleepstaTests.xctest */,
			);
			name = Products;
			sourceTree = "<group>";
		};
		3435346D2242B3CB00CCB1C5 /* Sleepsta */ = {
			isa = PBXGroup;
			children = (
				343F50E3226677460075C075 /* alarm.mp3 */,
				343534722242B3CB00CCB1C5 /* Main.storyboard */,
				345CE0902242CA7B005B5725 /* LoginViewController.swift */,
				345CE0A32242F80C005B5725 /* User.swift */,
				34117B66224D633A001DD360 /* MainTabBarController.swift */,
				349FC372225F934200A22805 /* NetworkDataLoader.swift */,
				348671F6224D307C0092A2E8 /* sample-data.json */,
				34EC9C842255050A00ECB553 /* Stats */,
				34FD331B224BD92200A0EFC6 /* Alarms and Notifications */,
				34F89F10224AB5270070A5A0 /* Sleep Tracking */,
				345CE09E2242E0C2005B5725 /* UI Styling */,
				3435348E2242B41300CCB1C5 /* Resources */,
			);
			path = Sleepsta;
			sourceTree = "<group>";
		};
		343534822242B3CD00CCB1C5 /* SleepstaTests */ = {
			isa = PBXGroup;
			children = (
				349FC378225F9BD700A22805 /* DailyDataControllerTests.swift */,
				343F50E522667F190075C075 /* DailyDataTests.swift */,
				343F50E722667F670075C075 /* SampleDailyData.swift */,
				349FC374225F95DB00A22805 /* TestJSON.swift */,
				349FC376225F9B9E00A22805 /* MockLoader.swift */,
				343534852242B3CD00CCB1C5 /* Info.plist */,
			);
			path = SleepstaTests;
			sourceTree = "<group>";
		};
		3435348E2242B41300CCB1C5 /* Resources */ = {
			isa = PBXGroup;
			children = (
				34F89F0E224AAF900070A5A0 /* String+URLS.swift */,
				347967DB22541B4F007D72FB /* String+Keys.swift */,
				3435346E2242B3CB00CCB1C5 /* AppDelegate.swift */,
				343534752242B3CC00CCB1C5 /* Assets.xcassets */,
				343534772242B3CC00CCB1C5 /* LaunchScreen.storyboard */,
				3435347A2242B3CD00CCB1C5 /* Info.plist */,
			);
			path = Resources;
			sourceTree = "<group>";
		};
		345CE09E2242E0C2005B5725 /* UI Styling */ = {
			isa = PBXGroup;
			children = (
				3409CBE62262AF3F00E5EF78 /* ContentStateViewController.swift */,
				3409CBE82262B07200E5EF78 /* UIViewController+Container.swift */,
				345CE0962242D107005B5725 /* UIColor+CustomColors.swift */,
				345CE0942242D0B4005B5725 /* GradientView.swift */,
				345CE09A2242D3BD005B5725 /* SLTextField.swift */,
				347967D9225416AB007D72FB /* UIView+CustomViews.swift */,
				34A01EB822565722004CFD30 /* UIView+Constraints.swift */,
				34AD1CCA22568B3600382891 /* UILabel+CustomLabels.swift */,
				346CB54A2256CFA40022CD84 /* UIButton+CustomButtons.swift */,
				34FD331C224BD9E400A0EFC6 /* UIAlertController+InformationalAlert.swift */,
				345CE09C2242DAC6005B5725 /* ShiftableViewController.swift */,
				34EC9C8922555AD100ECB553 /* SLViewController.swift */,
			);
			path = "UI Styling";
			sourceTree = "<group>";
		};
		34EC9C842255050A00ECB553 /* Stats */ = {
			isa = PBXGroup;
			children = (
				348671F4224D30100092A2E8 /* StatsViewController.swift */,
				34C0242B2252B40B0053DCAA /* StatsPageViewController.swift */,
				34C024292252804E0053DCAA /* TestingViewController.swift */,
			);
			path = Stats;
			sourceTree = "<group>";
		};
		34F89F10224AB5270070A5A0 /* Sleep Tracking */ = {
			isa = PBXGroup;
			children = (
				345CE09F2242E568005B5725 /* AlarmSetupViewController.swift */,
				34EC9C872255595C00ECB553 /* SleepTrackingPresentationViewController.swift */,
				34EC9C8B22555CBB00ECB553 /* PreBedSurveyViewController.swift */,
				34A01EBA225658B0004CFD30 /* SleepTrackingViewController.swift */,
				346CB5482256C43A0022CD84 /* PostBedSurveyViewController.swift */,
				3499473F2249722700BE41B2 /* MotionManager.swift */,
				349947412249725E00BE41B2 /* MotionData.swift */,
				34F89F0C224AA43C0070A5A0 /* DailyDataController.swift */,
				34AA417522499DA200366391 /* DailyData.swift */,
				34C02427225264B90053DCAA /* DailyData+SampleGenerator.swift */,
				34EC9C85225508AA00ECB553 /* SLSlideControl.swift */,
			);
			path = "Sleep Tracking";
			sourceTree = "<group>";
		};
		34FD331B224BD92200A0EFC6 /* Alarms and Notifications */ = {
			isa = PBXGroup;
			children = (
				345CE0A12242E9D2005B5725 /* SLDatePickerView.swift */,
				34FD3322224BE37C00A0EFC6 /* AlarmManager.swift */,
				34FD331E224BDB4B00A0EFC6 /* AVSessionHelper.swift */,
				34FD3320224BE31000A0EFC6 /* AudioPlayer.swift */,
				347967D72253FFF3007D72FB /* LocalNotificationHelper.swift */,
				347967D52253F222007D72FB /* SettingsTableViewController.swift */,
				34A45FA32264E416005738B6 /* SelectedSongViewController.swift */,
			);
			path = "Alarms and Notifications";
			sourceTree = "<group>";
		};
		354B53D6FC9C32EA48C58C43 /* Frameworks */ = {
			isa = PBXGroup;
			children = (
				DBBFB566A31510DCB703AFC2 /* Pods_Sleepsta.framework */,
				076225E39480752D124ECCD9 /* Pods_SleepstaTests.framework */,
			);
			name = Frameworks;
			sourceTree = "<group>";
		};
		509358ECE39ED79B190DBBA9 /* Pods */ = {
			isa = PBXGroup;
			children = (
				3775738036A98945C6D7C5F1 /* Pods-Sleepsta.debug.xcconfig */,
				62A72A55B7E72B9E8ED8B9B4 /* Pods-Sleepsta.release.xcconfig */,
				BB67BA4AC4BD7BAA38E45182 /* Pods-SleepstaTests.debug.xcconfig */,
				8D8983DCE380FBEB12116724 /* Pods-SleepstaTests.release.xcconfig */,
			);
			path = Pods;
			sourceTree = "<group>";
		};
/* End PBXGroup section */

/* Begin PBXNativeTarget section */
		3435346A2242B3CB00CCB1C5 /* Sleepsta */ = {
			isa = PBXNativeTarget;
			buildConfigurationList = 343534882242B3CD00CCB1C5 /* Build configuration list for PBXNativeTarget "Sleepsta" */;
			buildPhases = (
				F77F1AD5AFAF8F8A3257C0CE /* [CP] Check Pods Manifest.lock */,
				343534672242B3CB00CCB1C5 /* Sources */,
				343534682242B3CB00CCB1C5 /* Frameworks */,
				343534692242B3CB00CCB1C5 /* Resources */,
				5DCE0197A9E45B568EFFC802 /* [CP] Embed Pods Frameworks */,
				5200B28602453DBA00A87B85 /* [CP] Copy Pods Resources */,
			);
			buildRules = (
			);
			dependencies = (
			);
			name = Sleepsta;
			productName = Sleepsta;
			productReference = 3435346B2242B3CB00CCB1C5 /* Sleepsta.app */;
			productType = "com.apple.product-type.application";
		};
		3435347E2242B3CD00CCB1C5 /* SleepstaTests */ = {
			isa = PBXNativeTarget;
			buildConfigurationList = 3435348B2242B3CD00CCB1C5 /* Build configuration list for PBXNativeTarget "SleepstaTests" */;
			buildPhases = (
				1914F57C0ADBA40DD00074EA /* [CP] Check Pods Manifest.lock */,
				3435347B2242B3CD00CCB1C5 /* Sources */,
				3435347C2242B3CD00CCB1C5 /* Frameworks */,
				3435347D2242B3CD00CCB1C5 /* Resources */,
			);
			buildRules = (
			);
			dependencies = (
				343534812242B3CD00CCB1C5 /* PBXTargetDependency */,
			);
			name = SleepstaTests;
			productName = SleepstaTests;
			productReference = 3435347F2242B3CD00CCB1C5 /* SleepstaTests.xctest */;
			productType = "com.apple.product-type.bundle.unit-test";
		};
/* End PBXNativeTarget section */

/* Begin PBXProject section */
		343534632242B3CB00CCB1C5 /* Project object */ = {
			isa = PBXProject;
			attributes = {
				LastSwiftUpdateCheck = 1010;
				LastUpgradeCheck = 1010;
				ORGANIZATIONNAME = "Dillon McElhinney";
				TargetAttributes = {
					3435346A2242B3CB00CCB1C5 = {
						CreatedOnToolsVersion = 10.1;
						SystemCapabilities = {
							com.apple.SafariKeychain = {
								enabled = 0;
							};
						};
					};
					3435347E2242B3CD00CCB1C5 = {
						CreatedOnToolsVersion = 10.1;
						TestTargetID = 3435346A2242B3CB00CCB1C5;
					};
				};
			};
			buildConfigurationList = 343534662242B3CB00CCB1C5 /* Build configuration list for PBXProject "Sleepsta" */;
			compatibilityVersion = "Xcode 9.3";
			developmentRegion = en;
			hasScannedForEncodings = 0;
			knownRegions = (
				en,
				Base,
			);
			mainGroup = 343534622242B3CB00CCB1C5;
			productRefGroup = 3435346C2242B3CB00CCB1C5 /* Products */;
			projectDirPath = "";
			projectRoot = "";
			targets = (
				3435346A2242B3CB00CCB1C5 /* Sleepsta */,
				3435347E2242B3CD00CCB1C5 /* SleepstaTests */,
			);
		};
/* End PBXProject section */

/* Begin PBXResourcesBuildPhase section */
		343534692242B3CB00CCB1C5 /* Resources */ = {
			isa = PBXResourcesBuildPhase;
			buildActionMask = 2147483647;
			files = (
				343534792242B3CC00CCB1C5 /* LaunchScreen.storyboard in Resources */,
				343534762242B3CC00CCB1C5 /* Assets.xcassets in Resources */,
				343F50E4226677460075C075 /* alarm.mp3 in Resources */,
				343534742242B3CB00CCB1C5 /* Main.storyboard in Resources */,
				348671F7224D307C0092A2E8 /* sample-data.json in Resources */,
			);
			runOnlyForDeploymentPostprocessing = 0;
		};
		3435347D2242B3CD00CCB1C5 /* Resources */ = {
			isa = PBXResourcesBuildPhase;
			buildActionMask = 2147483647;
			files = (
			);
			runOnlyForDeploymentPostprocessing = 0;
		};
/* End PBXResourcesBuildPhase section */

/* Begin PBXShellScriptBuildPhase section */
		1914F57C0ADBA40DD00074EA /* [CP] Check Pods Manifest.lock */ = {
			isa = PBXShellScriptBuildPhase;
			buildActionMask = 2147483647;
			files = (
			);
			inputFileListPaths = (
			);
			inputPaths = (
				"${PODS_PODFILE_DIR_PATH}/Podfile.lock",
				"${PODS_ROOT}/Manifest.lock",
			);
			name = "[CP] Check Pods Manifest.lock";
			outputFileListPaths = (
			);
			outputPaths = (
				"$(DERIVED_FILE_DIR)/Pods-SleepstaTests-checkManifestLockResult.txt",
			);
			runOnlyForDeploymentPostprocessing = 0;
			shellPath = /bin/sh;
			shellScript = "diff \"${PODS_PODFILE_DIR_PATH}/Podfile.lock\" \"${PODS_ROOT}/Manifest.lock\" > /dev/null\nif [ $? != 0 ] ; then\n    # print error to STDERR\n    echo \"error: The sandbox is not in sync with the Podfile.lock. Run 'pod install' or update your CocoaPods installation.\" >&2\n    exit 1\nfi\n# This output is used by Xcode 'outputs' to avoid re-running this script phase.\necho \"SUCCESS\" > \"${SCRIPT_OUTPUT_FILE_0}\"\n";
			showEnvVarsInLog = 0;
		};
		5200B28602453DBA00A87B85 /* [CP] Copy Pods Resources */ = {
			isa = PBXShellScriptBuildPhase;
			buildActionMask = 2147483647;
			files = (
			);
			inputFileListPaths = (
			);
			inputPaths = (
				"${PODS_ROOT}/Target Support Files/Pods-Sleepsta/Pods-Sleepsta-resources.sh",
				"${PODS_ROOT}/GoogleSignIn/Resources/GoogleSignIn.bundle",
			);
			name = "[CP] Copy Pods Resources";
			outputFileListPaths = (
			);
			outputPaths = (
				"${TARGET_BUILD_DIR}/${UNLOCALIZED_RESOURCES_FOLDER_PATH}/GoogleSignIn.bundle",
			);
			runOnlyForDeploymentPostprocessing = 0;
			shellPath = /bin/sh;
			shellScript = "\"${PODS_ROOT}/Target Support Files/Pods-Sleepsta/Pods-Sleepsta-resources.sh\"\n";
			showEnvVarsInLog = 0;
		};
		5DCE0197A9E45B568EFFC802 /* [CP] Embed Pods Frameworks */ = {
			isa = PBXShellScriptBuildPhase;
			buildActionMask = 2147483647;
			files = (
			);
			inputFileListPaths = (
			);
			inputPaths = (
				"${PODS_ROOT}/Target Support Files/Pods-Sleepsta/Pods-Sleepsta-frameworks.sh",
				"${BUILT_PRODUCTS_DIR}/Charts/Charts.framework",
				"${BUILT_PRODUCTS_DIR}/GTMSessionFetcher/GTMSessionFetcher.framework",
				"${BUILT_PRODUCTS_DIR}/GoogleToolboxForMac/GoogleToolboxForMac.framework",
				"${BUILT_PRODUCTS_DIR}/KeychainSwift/KeychainSwift.framework",
			);
			name = "[CP] Embed Pods Frameworks";
			outputFileListPaths = (
			);
			outputPaths = (
				"${TARGET_BUILD_DIR}/${FRAMEWORKS_FOLDER_PATH}/Charts.framework",
				"${TARGET_BUILD_DIR}/${FRAMEWORKS_FOLDER_PATH}/GTMSessionFetcher.framework",
				"${TARGET_BUILD_DIR}/${FRAMEWORKS_FOLDER_PATH}/GoogleToolboxForMac.framework",
				"${TARGET_BUILD_DIR}/${FRAMEWORKS_FOLDER_PATH}/KeychainSwift.framework",
			);
			runOnlyForDeploymentPostprocessing = 0;
			shellPath = /bin/sh;
			shellScript = "\"${PODS_ROOT}/Target Support Files/Pods-Sleepsta/Pods-Sleepsta-frameworks.sh\"\n";
			showEnvVarsInLog = 0;
		};
		F77F1AD5AFAF8F8A3257C0CE /* [CP] Check Pods Manifest.lock */ = {
			isa = PBXShellScriptBuildPhase;
			buildActionMask = 2147483647;
			files = (
			);
			inputFileListPaths = (
			);
			inputPaths = (
				"${PODS_PODFILE_DIR_PATH}/Podfile.lock",
				"${PODS_ROOT}/Manifest.lock",
			);
			name = "[CP] Check Pods Manifest.lock";
			outputFileListPaths = (
			);
			outputPaths = (
				"$(DERIVED_FILE_DIR)/Pods-Sleepsta-checkManifestLockResult.txt",
			);
			runOnlyForDeploymentPostprocessing = 0;
			shellPath = /bin/sh;
			shellScript = "diff \"${PODS_PODFILE_DIR_PATH}/Podfile.lock\" \"${PODS_ROOT}/Manifest.lock\" > /dev/null\nif [ $? != 0 ] ; then\n    # print error to STDERR\n    echo \"error: The sandbox is not in sync with the Podfile.lock. Run 'pod install' or update your CocoaPods installation.\" >&2\n    exit 1\nfi\n# This output is used by Xcode 'outputs' to avoid re-running this script phase.\necho \"SUCCESS\" > \"${SCRIPT_OUTPUT_FILE_0}\"\n";
			showEnvVarsInLog = 0;
		};
/* End PBXShellScriptBuildPhase section */

/* Begin PBXSourcesBuildPhase section */
		343534672242B3CB00CCB1C5 /* Sources */ = {
			isa = PBXSourcesBuildPhase;
			buildActionMask = 2147483647;
			files = (
				346CB5492256C43A0022CD84 /* PostBedSurveyViewController.swift in Sources */,
				345CE0912242CA7B005B5725 /* LoginViewController.swift in Sources */,
				345CE0972242D107005B5725 /* UIColor+CustomColors.swift in Sources */,
				34C0242C2252B40B0053DCAA /* StatsPageViewController.swift in Sources */,
				34C02428225264B90053DCAA /* DailyData+SampleGenerator.swift in Sources */,
				34EC9C8C22555CBB00ECB553 /* PreBedSurveyViewController.swift in Sources */,
				347967DC22541B4F007D72FB /* String+Keys.swift in Sources */,
				34117B67224D633A001DD360 /* MainTabBarController.swift in Sources */,
				345CE09D2242DAC6005B5725 /* ShiftableViewController.swift in Sources */,
				34F89F0D224AA43C0070A5A0 /* DailyDataController.swift in Sources */,
				346CB54B2256CFA40022CD84 /* UIButton+CustomButtons.swift in Sources */,
				34EC9C86225508AA00ECB553 /* SLSlideControl.swift in Sources */,
				345CE09B2242D3BD005B5725 /* SLTextField.swift in Sources */,
				34C0242A2252804E0053DCAA /* TestingViewController.swift in Sources */,
				34F89F0F224AAF900070A5A0 /* String+URLS.swift in Sources */,
				34FD331D224BD9E400A0EFC6 /* UIAlertController+InformationalAlert.swift in Sources */,
				348671F5224D30100092A2E8 /* StatsViewController.swift in Sources */,
				34A01EB922565722004CFD30 /* UIView+Constraints.swift in Sources */,
				34AA417622499DA200366391 /* DailyData.swift in Sources */,
				349947402249722700BE41B2 /* MotionManager.swift in Sources */,
				34A45FA42264E416005738B6 /* SelectedSongViewController.swift in Sources */,
				345CE0A02242E568005B5725 /* AlarmSetupViewController.swift in Sources */,
				34A01EBB225658B0004CFD30 /* SleepTrackingViewController.swift in Sources */,
				347967DA225416AB007D72FB /* UIView+CustomViews.swift in Sources */,
				34FD3321224BE31000A0EFC6 /* AudioPlayer.swift in Sources */,
				349947422249725E00BE41B2 /* MotionData.swift in Sources */,
				34FD331F224BDB4B00A0EFC6 /* AVSessionHelper.swift in Sources */,
				345CE0A22242E9D2005B5725 /* SLDatePickerView.swift in Sources */,
				345CE0952242D0B4005B5725 /* GradientView.swift in Sources */,
				3409CBE92262B07200E5EF78 /* UIViewController+Container.swift in Sources */,
				3409CBE72262AF3F00E5EF78 /* ContentStateViewController.swift in Sources */,
				34AD1CCB22568B3600382891 /* UILabel+CustomLabels.swift in Sources */,
				347967D62253F222007D72FB /* SettingsTableViewController.swift in Sources */,
				345CE0A42242F80C005B5725 /* User.swift in Sources */,
				349FC373225F934200A22805 /* NetworkDataLoader.swift in Sources */,
				3435346F2242B3CB00CCB1C5 /* AppDelegate.swift in Sources */,
				34FD3323224BE37C00A0EFC6 /* AlarmManager.swift in Sources */,
				34EC9C8A22555AD100ECB553 /* SLViewController.swift in Sources */,
				34EC9C882255595C00ECB553 /* SleepTrackingPresentationViewController.swift in Sources */,
				347967D82253FFF3007D72FB /* LocalNotificationHelper.swift in Sources */,
			);
			runOnlyForDeploymentPostprocessing = 0;
		};
		3435347B2242B3CD00CCB1C5 /* Sources */ = {
			isa = PBXSourcesBuildPhase;
			buildActionMask = 2147483647;
			files = (
				349FC379225F9BD700A22805 /* DailyDataControllerTests.swift in Sources */,
				349FC375225F95DB00A22805 /* TestJSON.swift in Sources */,
				349FC377225F9B9E00A22805 /* MockLoader.swift in Sources */,
				343F50E622667F190075C075 /* DailyDataTests.swift in Sources */,
				343F50E822667F670075C075 /* SampleDailyData.swift in Sources */,
			);
			runOnlyForDeploymentPostprocessing = 0;
		};
/* End PBXSourcesBuildPhase section */

/* Begin PBXTargetDependency section */
		343534812242B3CD00CCB1C5 /* PBXTargetDependency */ = {
			isa = PBXTargetDependency;
			target = 3435346A2242B3CB00CCB1C5 /* Sleepsta */;
			targetProxy = 343534802242B3CD00CCB1C5 /* PBXContainerItemProxy */;
		};
/* End PBXTargetDependency section */

/* Begin PBXVariantGroup section */
		343534722242B3CB00CCB1C5 /* Main.storyboard */ = {
			isa = PBXVariantGroup;
			children = (
				343534732242B3CB00CCB1C5 /* Base */,
			);
			name = Main.storyboard;
			sourceTree = "<group>";
		};
		343534772242B3CC00CCB1C5 /* LaunchScreen.storyboard */ = {
			isa = PBXVariantGroup;
			children = (
				343534782242B3CC00CCB1C5 /* Base */,
			);
			name = LaunchScreen.storyboard;
			sourceTree = "<group>";
		};
/* End PBXVariantGroup section */

/* Begin XCBuildConfiguration section */
		343534862242B3CD00CCB1C5 /* Debug */ = {
			isa = XCBuildConfiguration;
			buildSettings = {
				ALWAYS_SEARCH_USER_PATHS = NO;
				CLANG_ANALYZER_NONNULL = YES;
				CLANG_ANALYZER_NUMBER_OBJECT_CONVERSION = YES_AGGRESSIVE;
				CLANG_CXX_LANGUAGE_STANDARD = "gnu++14";
				CLANG_CXX_LIBRARY = "libc++";
				CLANG_ENABLE_MODULES = YES;
				CLANG_ENABLE_OBJC_ARC = YES;
				CLANG_ENABLE_OBJC_WEAK = YES;
				CLANG_WARN_BLOCK_CAPTURE_AUTORELEASING = YES;
				CLANG_WARN_BOOL_CONVERSION = YES;
				CLANG_WARN_COMMA = YES;
				CLANG_WARN_CONSTANT_CONVERSION = YES;
				CLANG_WARN_DEPRECATED_OBJC_IMPLEMENTATIONS = YES;
				CLANG_WARN_DIRECT_OBJC_ISA_USAGE = YES_ERROR;
				CLANG_WARN_DOCUMENTATION_COMMENTS = YES;
				CLANG_WARN_EMPTY_BODY = YES;
				CLANG_WARN_ENUM_CONVERSION = YES;
				CLANG_WARN_INFINITE_RECURSION = YES;
				CLANG_WARN_INT_CONVERSION = YES;
				CLANG_WARN_NON_LITERAL_NULL_CONVERSION = YES;
				CLANG_WARN_OBJC_IMPLICIT_RETAIN_SELF = YES;
				CLANG_WARN_OBJC_LITERAL_CONVERSION = YES;
				CLANG_WARN_OBJC_ROOT_CLASS = YES_ERROR;
				CLANG_WARN_RANGE_LOOP_ANALYSIS = YES;
				CLANG_WARN_STRICT_PROTOTYPES = YES;
				CLANG_WARN_SUSPICIOUS_MOVE = YES;
				CLANG_WARN_UNGUARDED_AVAILABILITY = YES_AGGRESSIVE;
				CLANG_WARN_UNREACHABLE_CODE = YES;
				CLANG_WARN__DUPLICATE_METHOD_MATCH = YES;
				CODE_SIGN_IDENTITY = "iPhone Developer";
				COPY_PHASE_STRIP = NO;
				DEBUG_INFORMATION_FORMAT = dwarf;
				ENABLE_STRICT_OBJC_MSGSEND = YES;
				ENABLE_TESTABILITY = YES;
				GCC_C_LANGUAGE_STANDARD = gnu11;
				GCC_DYNAMIC_NO_PIC = NO;
				GCC_NO_COMMON_BLOCKS = YES;
				GCC_OPTIMIZATION_LEVEL = 0;
				GCC_PREPROCESSOR_DEFINITIONS = (
					"DEBUG=1",
					"$(inherited)",
				);
				GCC_WARN_64_TO_32_BIT_CONVERSION = YES;
				GCC_WARN_ABOUT_RETURN_TYPE = YES_ERROR;
				GCC_WARN_UNDECLARED_SELECTOR = YES;
				GCC_WARN_UNINITIALIZED_AUTOS = YES_AGGRESSIVE;
				GCC_WARN_UNUSED_FUNCTION = YES;
				GCC_WARN_UNUSED_VARIABLE = YES;
				IPHONEOS_DEPLOYMENT_TARGET = 12.1;
				MTL_ENABLE_DEBUG_INFO = INCLUDE_SOURCE;
				MTL_FAST_MATH = YES;
				ONLY_ACTIVE_ARCH = YES;
				SDKROOT = iphoneos;
				SWIFT_ACTIVE_COMPILATION_CONDITIONS = DEBUG;
				SWIFT_OPTIMIZATION_LEVEL = "-Onone";
			};
			name = Debug;
		};
		343534872242B3CD00CCB1C5 /* Release */ = {
			isa = XCBuildConfiguration;
			buildSettings = {
				ALWAYS_SEARCH_USER_PATHS = NO;
				CLANG_ANALYZER_NONNULL = YES;
				CLANG_ANALYZER_NUMBER_OBJECT_CONVERSION = YES_AGGRESSIVE;
				CLANG_CXX_LANGUAGE_STANDARD = "gnu++14";
				CLANG_CXX_LIBRARY = "libc++";
				CLANG_ENABLE_MODULES = YES;
				CLANG_ENABLE_OBJC_ARC = YES;
				CLANG_ENABLE_OBJC_WEAK = YES;
				CLANG_WARN_BLOCK_CAPTURE_AUTORELEASING = YES;
				CLANG_WARN_BOOL_CONVERSION = YES;
				CLANG_WARN_COMMA = YES;
				CLANG_WARN_CONSTANT_CONVERSION = YES;
				CLANG_WARN_DEPRECATED_OBJC_IMPLEMENTATIONS = YES;
				CLANG_WARN_DIRECT_OBJC_ISA_USAGE = YES_ERROR;
				CLANG_WARN_DOCUMENTATION_COMMENTS = YES;
				CLANG_WARN_EMPTY_BODY = YES;
				CLANG_WARN_ENUM_CONVERSION = YES;
				CLANG_WARN_INFINITE_RECURSION = YES;
				CLANG_WARN_INT_CONVERSION = YES;
				CLANG_WARN_NON_LITERAL_NULL_CONVERSION = YES;
				CLANG_WARN_OBJC_IMPLICIT_RETAIN_SELF = YES;
				CLANG_WARN_OBJC_LITERAL_CONVERSION = YES;
				CLANG_WARN_OBJC_ROOT_CLASS = YES_ERROR;
				CLANG_WARN_RANGE_LOOP_ANALYSIS = YES;
				CLANG_WARN_STRICT_PROTOTYPES = YES;
				CLANG_WARN_SUSPICIOUS_MOVE = YES;
				CLANG_WARN_UNGUARDED_AVAILABILITY = YES_AGGRESSIVE;
				CLANG_WARN_UNREACHABLE_CODE = YES;
				CLANG_WARN__DUPLICATE_METHOD_MATCH = YES;
				CODE_SIGN_IDENTITY = "iPhone Developer";
				COPY_PHASE_STRIP = NO;
				DEBUG_INFORMATION_FORMAT = "dwarf-with-dsym";
				ENABLE_NS_ASSERTIONS = NO;
				ENABLE_STRICT_OBJC_MSGSEND = YES;
				GCC_C_LANGUAGE_STANDARD = gnu11;
				GCC_NO_COMMON_BLOCKS = YES;
				GCC_WARN_64_TO_32_BIT_CONVERSION = YES;
				GCC_WARN_ABOUT_RETURN_TYPE = YES_ERROR;
				GCC_WARN_UNDECLARED_SELECTOR = YES;
				GCC_WARN_UNINITIALIZED_AUTOS = YES_AGGRESSIVE;
				GCC_WARN_UNUSED_FUNCTION = YES;
				GCC_WARN_UNUSED_VARIABLE = YES;
				IPHONEOS_DEPLOYMENT_TARGET = 12.1;
				MTL_ENABLE_DEBUG_INFO = NO;
				MTL_FAST_MATH = YES;
				SDKROOT = iphoneos;
				SWIFT_COMPILATION_MODE = wholemodule;
				SWIFT_OPTIMIZATION_LEVEL = "-O";
				VALIDATE_PRODUCT = YES;
			};
			name = Release;
		};
		343534892242B3CD00CCB1C5 /* Debug */ = {
			isa = XCBuildConfiguration;
			baseConfigurationReference = 3775738036A98945C6D7C5F1 /* Pods-Sleepsta.debug.xcconfig */;
			buildSettings = {
				ASSETCATALOG_COMPILER_APPICON_NAME = AppIcon;
				CODE_SIGN_STYLE = Automatic;
				DEVELOPMENT_TEAM = 2SS9AYZ8LT;
				INFOPLIST_FILE = "$(SRCROOT)/Sleepsta/Resources/Info.plist";
				LD_RUNPATH_SEARCH_PATHS = (
					"$(inherited)",
					"@executable_path/Frameworks",
				);
				PRODUCT_BUNDLE_IDENTIFIER = com.dillonmcelhinney.Sleepsta;
				PRODUCT_NAME = "$(TARGET_NAME)";
				SWIFT_VERSION = 4.2;
				TARGETED_DEVICE_FAMILY = "1,2";
			};
			name = Debug;
		};
		3435348A2242B3CD00CCB1C5 /* Release */ = {
			isa = XCBuildConfiguration;
			baseConfigurationReference = 62A72A55B7E72B9E8ED8B9B4 /* Pods-Sleepsta.release.xcconfig */;
			buildSettings = {
				ASSETCATALOG_COMPILER_APPICON_NAME = AppIcon;
				CODE_SIGN_STYLE = Automatic;
				DEVELOPMENT_TEAM = 2SS9AYZ8LT;
				INFOPLIST_FILE = "$(SRCROOT)/Sleepsta/Resources/Info.plist";
				LD_RUNPATH_SEARCH_PATHS = (
					"$(inherited)",
					"@executable_path/Frameworks",
				);
				PRODUCT_BUNDLE_IDENTIFIER = com.dillonmcelhinney.Sleepsta;
				PRODUCT_NAME = "$(TARGET_NAME)";
				SWIFT_VERSION = 4.2;
				TARGETED_DEVICE_FAMILY = "1,2";
			};
			name = Release;
		};
		3435348C2242B3CD00CCB1C5 /* Debug */ = {
			isa = XCBuildConfiguration;
			baseConfigurationReference = BB67BA4AC4BD7BAA38E45182 /* Pods-SleepstaTests.debug.xcconfig */;
			buildSettings = {
				ALWAYS_EMBED_SWIFT_STANDARD_LIBRARIES = YES;
				BUNDLE_LOADER = "$(TEST_HOST)";
				CODE_SIGN_STYLE = Automatic;
				DEVELOPMENT_TEAM = 2SS9AYZ8LT;
				INFOPLIST_FILE = SleepstaTests/Info.plist;
				LD_RUNPATH_SEARCH_PATHS = (
					"$(inherited)",
					"@executable_path/Frameworks",
					"@loader_path/Frameworks",
				);
				PRODUCT_BUNDLE_IDENTIFIER = com.dillonmcelhinney.SleepstaTests;
				PRODUCT_NAME = "$(TARGET_NAME)";
				SWIFT_VERSION = 4.2;
				TARGETED_DEVICE_FAMILY = "1,2";
				TEST_HOST = "$(BUILT_PRODUCTS_DIR)/Sleepsta.app/Sleepsta";
			};
			name = Debug;
		};
		3435348D2242B3CD00CCB1C5 /* Release */ = {
			isa = XCBuildConfiguration;
			baseConfigurationReference = 8D8983DCE380FBEB12116724 /* Pods-SleepstaTests.release.xcconfig */;
			buildSettings = {
				ALWAYS_EMBED_SWIFT_STANDARD_LIBRARIES = YES;
				BUNDLE_LOADER = "$(TEST_HOST)";
				CODE_SIGN_STYLE = Automatic;
				DEVELOPMENT_TEAM = 2SS9AYZ8LT;
				INFOPLIST_FILE = SleepstaTests/Info.plist;
				LD_RUNPATH_SEARCH_PATHS = (
					"$(inherited)",
					"@executable_path/Frameworks",
					"@loader_path/Frameworks",
				);
				PRODUCT_BUNDLE_IDENTIFIER = com.dillonmcelhinney.SleepstaTests;
				PRODUCT_NAME = "$(TARGET_NAME)";
				SWIFT_VERSION = 4.2;
				TARGETED_DEVICE_FAMILY = "1,2";
				TEST_HOST = "$(BUILT_PRODUCTS_DIR)/Sleepsta.app/Sleepsta";
			};
			name = Release;
		};
/* End XCBuildConfiguration section */

/* Begin XCConfigurationList section */
		343534662242B3CB00CCB1C5 /* Build configuration list for PBXProject "Sleepsta" */ = {
			isa = XCConfigurationList;
			buildConfigurations = (
				343534862242B3CD00CCB1C5 /* Debug */,
				343534872242B3CD00CCB1C5 /* Release */,
			);
			defaultConfigurationIsVisible = 0;
			defaultConfigurationName = Release;
		};
		343534882242B3CD00CCB1C5 /* Build configuration list for PBXNativeTarget "Sleepsta" */ = {
			isa = XCConfigurationList;
			buildConfigurations = (
				343534892242B3CD00CCB1C5 /* Debug */,
				3435348A2242B3CD00CCB1C5 /* Release */,
			);
			defaultConfigurationIsVisible = 0;
			defaultConfigurationName = Release;
		};
		3435348B2242B3CD00CCB1C5 /* Build configuration list for PBXNativeTarget "SleepstaTests" */ = {
			isa = XCConfigurationList;
			buildConfigurations = (
				3435348C2242B3CD00CCB1C5 /* Debug */,
				3435348D2242B3CD00CCB1C5 /* Release */,
			);
			defaultConfigurationIsVisible = 0;
			defaultConfigurationName = Release;
		};
/* End XCConfigurationList section */
	};
	rootObject = 343534632242B3CB00CCB1C5 /* Project object */;
}
