// !$*UTF8*$!
{
	archiveVersion = 1;
	classes = {
	};
	objectVersion = 50;
	objects = {

/* Begin PBXBuildFile section */
		3435346F2242B3CB00CCB1C5 /* AppDelegate.swift in Sources */ = {isa = PBXBuildFile; fileRef = 3435346E2242B3CB00CCB1C5 /* AppDelegate.swift */; };
		343534742242B3CB00CCB1C5 /* Main.storyboard in Resources */ = {isa = PBXBuildFile; fileRef = 343534722242B3CB00CCB1C5 /* Main.storyboard */; };
		343534762242B3CC00CCB1C5 /* Assets.xcassets in Resources */ = {isa = PBXBuildFile; fileRef = 343534752242B3CC00CCB1C5 /* Assets.xcassets */; };
		343534792242B3CC00CCB1C5 /* LaunchScreen.storyboard in Resources */ = {isa = PBXBuildFile; fileRef = 343534772242B3CC00CCB1C5 /* LaunchScreen.storyboard */; };
		343534842242B3CD00CCB1C5 /* SleepstaTests.swift in Sources */ = {isa = PBXBuildFile; fileRef = 343534832242B3CD00CCB1C5 /* SleepstaTests.swift */; };
		345CE0912242CA7B005B5725 /* LoginViewController.swift in Sources */ = {isa = PBXBuildFile; fileRef = 345CE0902242CA7B005B5725 /* LoginViewController.swift */; };
		345CE0932242CB96005B5725 /* LoginManager.swift in Sources */ = {isa = PBXBuildFile; fileRef = 345CE0922242CB96005B5725 /* LoginManager.swift */; };
		345CE0952242D0B4005B5725 /* GradientView.swift in Sources */ = {isa = PBXBuildFile; fileRef = 345CE0942242D0B4005B5725 /* GradientView.swift */; };
		345CE0972242D107005B5725 /* UIColor+CustomColors.swift in Sources */ = {isa = PBXBuildFile; fileRef = 345CE0962242D107005B5725 /* UIColor+CustomColors.swift */; };
		345CE09B2242D3BD005B5725 /* SLTextField.swift in Sources */ = {isa = PBXBuildFile; fileRef = 345CE09A2242D3BD005B5725 /* SLTextField.swift */; };
		345CE09D2242DAC6005B5725 /* ShiftableViewController.swift in Sources */ = {isa = PBXBuildFile; fileRef = 345CE09C2242DAC6005B5725 /* ShiftableViewController.swift */; };
/* End PBXBuildFile section */

/* Begin PBXContainerItemProxy section */
		343534802242B3CD00CCB1C5 /* PBXContainerItemProxy */ = {
			isa = PBXContainerItemProxy;
			containerPortal = 343534632242B3CB00CCB1C5 /* Project object */;
			proxyType = 1;
			remoteGlobalIDString = 3435346A2242B3CB00CCB1C5;
			remoteInfo = Sleepsta;
		};
/* End PBXContainerItemProxy section */

/* Begin PBXFileReference section */
		3435346B2242B3CB00CCB1C5 /* Sleepsta.app */ = {isa = PBXFileReference; explicitFileType = wrapper.application; includeInIndex = 0; path = Sleepsta.app; sourceTree = BUILT_PRODUCTS_DIR; };
		3435346E2242B3CB00CCB1C5 /* AppDelegate.swift */ = {isa = PBXFileReference; lastKnownFileType = sourcecode.swift; path = AppDelegate.swift; sourceTree = "<group>"; };
		343534732242B3CB00CCB1C5 /* Base */ = {isa = PBXFileReference; lastKnownFileType = file.storyboard; name = Base; path = Base.lproj/Main.storyboard; sourceTree = "<group>"; };
		343534752242B3CC00CCB1C5 /* Assets.xcassets */ = {isa = PBXFileReference; lastKnownFileType = folder.assetcatalog; path = Assets.xcassets; sourceTree = "<group>"; };
		343534782242B3CC00CCB1C5 /* Base */ = {isa = PBXFileReference; lastKnownFileType = file.storyboard; name = Base; path = Base.lproj/LaunchScreen.storyboard; sourceTree = "<group>"; };
		3435347A2242B3CD00CCB1C5 /* Info.plist */ = {isa = PBXFileReference; lastKnownFileType = text.plist.xml; path = Info.plist; sourceTree = "<group>"; };
		3435347F2242B3CD00CCB1C5 /* SleepstaTests.xctest */ = {isa = PBXFileReference; explicitFileType = wrapper.cfbundle; includeInIndex = 0; path = SleepstaTests.xctest; sourceTree = BUILT_PRODUCTS_DIR; };
		343534832242B3CD00CCB1C5 /* SleepstaTests.swift */ = {isa = PBXFileReference; lastKnownFileType = sourcecode.swift; path = SleepstaTests.swift; sourceTree = "<group>"; };
		343534852242B3CD00CCB1C5 /* Info.plist */ = {isa = PBXFileReference; lastKnownFileType = text.plist.xml; path = Info.plist; sourceTree = "<group>"; };
		345CE0902242CA7B005B5725 /* LoginViewController.swift */ = {isa = PBXFileReference; lastKnownFileType = sourcecode.swift; path = LoginViewController.swift; sourceTree = "<group>"; };
		345CE0922242CB96005B5725 /* LoginManager.swift */ = {isa = PBXFileReference; lastKnownFileType = sourcecode.swift; path = LoginManager.swift; sourceTree = "<group>"; };
		345CE0942242D0B4005B5725 /* GradientView.swift */ = {isa = PBXFileReference; lastKnownFileType = sourcecode.swift; path = GradientView.swift; sourceTree = "<group>"; };
		345CE0962242D107005B5725 /* UIColor+CustomColors.swift */ = {isa = PBXFileReference; lastKnownFileType = sourcecode.swift; path = "UIColor+CustomColors.swift"; sourceTree = "<group>"; };
		345CE09A2242D3BD005B5725 /* SLTextField.swift */ = {isa = PBXFileReference; lastKnownFileType = sourcecode.swift; path = SLTextField.swift; sourceTree = "<group>"; };
		345CE09C2242DAC6005B5725 /* ShiftableViewController.swift */ = {isa = PBXFileReference; lastKnownFileType = sourcecode.swift; path = ShiftableViewController.swift; sourceTree = "<group>"; };
/* End PBXFileReference section */

/* Begin PBXFrameworksBuildPhase section */
		343534682242B3CB00CCB1C5 /* Frameworks */ = {
			isa = PBXFrameworksBuildPhase;
			buildActionMask = 2147483647;
			files = (
			);
			runOnlyForDeploymentPostprocessing = 0;
		};
		3435347C2242B3CD00CCB1C5 /* Frameworks */ = {
			isa = PBXFrameworksBuildPhase;
			buildActionMask = 2147483647;
			files = (
			);
			runOnlyForDeploymentPostprocessing = 0;
		};
/* End PBXFrameworksBuildPhase section */

/* Begin PBXGroup section */
		343534622242B3CB00CCB1C5 = {
			isa = PBXGroup;
			children = (
				3435346D2242B3CB00CCB1C5 /* Sleepsta */,
				343534822242B3CD00CCB1C5 /* SleepstaTests */,
				3435346C2242B3CB00CCB1C5 /* Products */,
			);
			sourceTree = "<group>";
		};
		3435346C2242B3CB00CCB1C5 /* Products */ = {
			isa = PBXGroup;
			children = (
				3435346B2242B3CB00CCB1C5 /* Sleepsta.app */,
				3435347F2242B3CD00CCB1C5 /* SleepstaTests.xctest */,
			);
			name = Products;
			sourceTree = "<group>";
		};
		3435346D2242B3CB00CCB1C5 /* Sleepsta */ = {
			isa = PBXGroup;
			children = (
				343534722242B3CB00CCB1C5 /* Main.storyboard */,
				345CE0902242CA7B005B5725 /* LoginViewController.swift */,
				345CE0922242CB96005B5725 /* LoginManager.swift */,
				345CE0962242D107005B5725 /* UIColor+CustomColors.swift */,
				345CE09C2242DAC6005B5725 /* ShiftableViewController.swift */,
				345CE09E2242E0C2005B5725 /* View Subclasses */,
				3435348E2242B41300CCB1C5 /* Resources */,
			);
			path = Sleepsta;
			sourceTree = "<group>";
		};
		343534822242B3CD00CCB1C5 /* SleepstaTests */ = {
			isa = PBXGroup;
			children = (
				343534832242B3CD00CCB1C5 /* SleepstaTests.swift */,
				343534852242B3CD00CCB1C5 /* Info.plist */,
			);
			path = SleepstaTests;
			sourceTree = "<group>";
		};
		3435348E2242B41300CCB1C5 /* Resources */ = {
			isa = PBXGroup;
			children = (
				3435346E2242B3CB00CCB1C5 /* AppDelegate.swift */,
				343534752242B3CC00CCB1C5 /* Assets.xcassets */,
				343534772242B3CC00CCB1C5 /* LaunchScreen.storyboard */,
				3435347A2242B3CD00CCB1C5 /* Info.plist */,
			);
			path = Resources;
			sourceTree = "<group>";
		};
		345CE09E2242E0C2005B5725 /* View Subclasses */ = {
			isa = PBXGroup;
			children = (
				345CE0942242D0B4005B5725 /* GradientView.swift */,
				345CE09A2242D3BD005B5725 /* SLTextField.swift */,
			);
			path = "View Subclasses";
			sourceTree = "<group>";
		};
/* End PBXGroup section */

/* Begin PBXNativeTarget section */
		3435346A2242B3CB00CCB1C5 /* Sleepsta */ = {
			isa = PBXNativeTarget;
			buildConfigurationList = 343534882242B3CD00CCB1C5 /* Build configuration list for PBXNativeTarget "Sleepsta" */;
			buildPhases = (
				343534672242B3CB00CCB1C5 /* Sources */,
				343534682242B3CB00CCB1C5 /* Frameworks */,
				343534692242B3CB00CCB1C5 /* Resources */,
			);
			buildRules = (
			);
			dependencies = (
			);
			name = Sleepsta;
			productName = Sleepsta;
			productReference = 3435346B2242B3CB00CCB1C5 /* Sleepsta.app */;
			productType = "com.apple.product-type.application";
		};
		3435347E2242B3CD00CCB1C5 /* SleepstaTests */ = {
			isa = PBXNativeTarget;
			buildConfigurationList = 3435348B2242B3CD00CCB1C5 /* Build configuration list for PBXNativeTarget "SleepstaTests" */;
			buildPhases = (
				3435347B2242B3CD00CCB1C5 /* Sources */,
				3435347C2242B3CD00CCB1C5 /* Frameworks */,
				3435347D2242B3CD00CCB1C5 /* Resources */,
			);
			buildRules = (
			);
			dependencies = (
				343534812242B3CD00CCB1C5 /* PBXTargetDependency */,
			);
			name = SleepstaTests;
			productName = SleepstaTests;
			productReference = 3435347F2242B3CD00CCB1C5 /* SleepstaTests.xctest */;
			productType = "com.apple.product-type.bundle.unit-test";
		};
/* End PBXNativeTarget section */

/* Begin PBXProject section */
		343534632242B3CB00CCB1C5 /* Project object */ = {
			isa = PBXProject;
			attributes = {
				LastSwiftUpdateCheck = 1010;
				LastUpgradeCheck = 1010;
				ORGANIZATIONNAME = "Dillon McElhinney";
				TargetAttributes = {
					3435346A2242B3CB00CCB1C5 = {
						CreatedOnToolsVersion = 10.1;
					};
					3435347E2242B3CD00CCB1C5 = {
						CreatedOnToolsVersion = 10.1;
						TestTargetID = 3435346A2242B3CB00CCB1C5;
					};
				};
			};
			buildConfigurationList = 343534662242B3CB00CCB1C5 /* Build configuration list for PBXProject "Sleepsta" */;
			compatibilityVersion = "Xcode 9.3";
			developmentRegion = en;
			hasScannedForEncodings = 0;
			knownRegions = (
				en,
				Base,
			);
			mainGroup = 343534622242B3CB00CCB1C5;
			productRefGroup = 3435346C2242B3CB00CCB1C5 /* Products */;
			projectDirPath = "";
			projectRoot = "";
			targets = (
				3435346A2242B3CB00CCB1C5 /* Sleepsta */,
				3435347E2242B3CD00CCB1C5 /* SleepstaTests */,
			);
		};
/* End PBXProject section */

/* Begin PBXResourcesBuildPhase section */
		343534692242B3CB00CCB1C5 /* Resources */ = {
			isa = PBXResourcesBuildPhase;
			buildActionMask = 2147483647;
			files = (
				343534792242B3CC00CCB1C5 /* LaunchScreen.storyboard in Resources */,
				343534762242B3CC00CCB1C5 /* Assets.xcassets in Resources */,
				343534742242B3CB00CCB1C5 /* Main.storyboard in Resources */,
			);
			runOnlyForDeploymentPostprocessing = 0;
		};
		3435347D2242B3CD00CCB1C5 /* Resources */ = {
			isa = PBXResourcesBuildPhase;
			buildActionMask = 2147483647;
			files = (
			);
			runOnlyForDeploymentPostprocessing = 0;
		};
/* End PBXResourcesBuildPhase section */

/* Begin PBXSourcesBuildPhase section */
		343534672242B3CB00CCB1C5 /* Sources */ = {
			isa = PBXSourcesBuildPhase;
			buildActionMask = 2147483647;
			files = (
				345CE0912242CA7B005B5725 /* LoginViewController.swift in Sources */,
				345CE0972242D107005B5725 /* UIColor+CustomColors.swift in Sources */,
				345CE09D2242DAC6005B5725 /* ShiftableViewController.swift in Sources */,
				345CE09B2242D3BD005B5725 /* SLTextField.swift in Sources */,
				345CE0932242CB96005B5725 /* LoginManager.swift in Sources */,
				345CE0952242D0B4005B5725 /* GradientView.swift in Sources */,
				3435346F2242B3CB00CCB1C5 /* AppDelegate.swift in Sources */,
			);
			runOnlyForDeploymentPostprocessing = 0;
		};
		3435347B2242B3CD00CCB1C5 /* Sources */ = {
			isa = PBXSourcesBuildPhase;
			buildActionMask = 2147483647;
			files = (
				343534842242B3CD00CCB1C5 /* SleepstaTests.swift in Sources */,
			);
			runOnlyForDeploymentPostprocessing = 0;
		};
/* End PBXSourcesBuildPhase section */

/* Begin PBXTargetDependency section */
		343534812242B3CD00CCB1C5 /* PBXTargetDependency */ = {
			isa = PBXTargetDependency;
			target = 3435346A2242B3CB00CCB1C5 /* Sleepsta */;
			targetProxy = 343534802242B3CD00CCB1C5 /* PBXContainerItemProxy */;
		};
/* End PBXTargetDependency section */

/* Begin PBXVariantGroup section */
		343534722242B3CB00CCB1C5 /* Main.storyboard */ = {
			isa = PBXVariantGroup;
			children = (
				343534732242B3CB00CCB1C5 /* Base */,
			);
			name = Main.storyboard;
			sourceTree = "<group>";
		};
		343534772242B3CC00CCB1C5 /* LaunchScreen.storyboard */ = {
			isa = PBXVariantGroup;
			children = (
				343534782242B3CC00CCB1C5 /* Base */,
			);
			name = LaunchScreen.storyboard;
			sourceTree = "<group>";
		};
/* End PBXVariantGroup section */

/* Begin XCBuildConfiguration section */
		343534862242B3CD00CCB1C5 /* Debug */ = {
			isa = XCBuildConfiguration;
			buildSettings = {
				ALWAYS_SEARCH_USER_PATHS = NO;
				CLANG_ANALYZER_NONNULL = YES;
				CLANG_ANALYZER_NUMBER_OBJECT_CONVERSION = YES_AGGRESSIVE;
				CLANG_CXX_LANGUAGE_STANDARD = "gnu++14";
				CLANG_CXX_LIBRARY = "libc++";
				CLANG_ENABLE_MODULES = YES;
				CLANG_ENABLE_OBJC_ARC = YES;
				CLANG_ENABLE_OBJC_WEAK = YES;
				CLANG_WARN_BLOCK_CAPTURE_AUTORELEASING = YES;
				CLANG_WARN_BOOL_CONVERSION = YES;
				CLANG_WARN_COMMA = YES;
				CLANG_WARN_CONSTANT_CONVERSION = YES;
				CLANG_WARN_DEPRECATED_OBJC_IMPLEMENTATIONS = YES;
				CLANG_WARN_DIRECT_OBJC_ISA_USAGE = YES_ERROR;
				CLANG_WARN_DOCUMENTATION_COMMENTS = YES;
				CLANG_WARN_EMPTY_BODY = YES;
				CLANG_WARN_ENUM_CONVERSION = YES;
				CLANG_WARN_INFINITE_RECURSION = YES;
				CLANG_WARN_INT_CONVERSION = YES;
				CLANG_WARN_NON_LITERAL_NULL_CONVERSION = YES;
				CLANG_WARN_OBJC_IMPLICIT_RETAIN_SELF = YES;
				CLANG_WARN_OBJC_LITERAL_CONVERSION = YES;
				CLANG_WARN_OBJC_ROOT_CLASS = YES_ERROR;
				CLANG_WARN_RANGE_LOOP_ANALYSIS = YES;
				CLANG_WARN_STRICT_PROTOTYPES = YES;
				CLANG_WARN_SUSPICIOUS_MOVE = YES;
				CLANG_WARN_UNGUARDED_AVAILABILITY = YES_AGGRESSIVE;
				CLANG_WARN_UNREACHABLE_CODE = YES;
				CLANG_WARN__DUPLICATE_METHOD_MATCH = YES;
				CODE_SIGN_IDENTITY = "iPhone Developer";
				COPY_PHASE_STRIP = NO;
				DEBUG_INFORMATION_FORMAT = dwarf;
				ENABLE_STRICT_OBJC_MSGSEND = YES;
				ENABLE_TESTABILITY = YES;
				GCC_C_LANGUAGE_STANDARD = gnu11;
				GCC_DYNAMIC_NO_PIC = NO;
				GCC_NO_COMMON_BLOCKS = YES;
				GCC_OPTIMIZATION_LEVEL = 0;
				GCC_PREPROCESSOR_DEFINITIONS = (
					"DEBUG=1",
					"$(inherited)",
				);
				GCC_WARN_64_TO_32_BIT_CONVERSION = YES;
				GCC_WARN_ABOUT_RETURN_TYPE = YES_ERROR;
				GCC_WARN_UNDECLARED_SELECTOR = YES;
				GCC_WARN_UNINITIALIZED_AUTOS = YES_AGGRESSIVE;
				GCC_WARN_UNUSED_FUNCTION = YES;
				GCC_WARN_UNUSED_VARIABLE = YES;
				IPHONEOS_DEPLOYMENT_TARGET = 12.1;
				MTL_ENABLE_DEBUG_INFO = INCLUDE_SOURCE;
				MTL_FAST_MATH = YES;
				ONLY_ACTIVE_ARCH = YES;
				SDKROOT = iphoneos;
				SWIFT_ACTIVE_COMPILATION_CONDITIONS = DEBUG;
				SWIFT_OPTIMIZATION_LEVEL = "-Onone";
			};
			name = Debug;
		};
		343534872242B3CD00CCB1C5 /* Release */ = {
			isa = XCBuildConfiguration;
			buildSettings = {
				ALWAYS_SEARCH_USER_PATHS = NO;
				CLANG_ANALYZER_NONNULL = YES;
				CLANG_ANALYZER_NUMBER_OBJECT_CONVERSION = YES_AGGRESSIVE;
				CLANG_CXX_LANGUAGE_STANDARD = "gnu++14";
				CLANG_CXX_LIBRARY = "libc++";
				CLANG_ENABLE_MODULES = YES;
				CLANG_ENABLE_OBJC_ARC = YES;
				CLANG_ENABLE_OBJC_WEAK = YES;
				CLANG_WARN_BLOCK_CAPTURE_AUTORELEASING = YES;
				CLANG_WARN_BOOL_CONVERSION = YES;
				CLANG_WARN_COMMA = YES;
				CLANG_WARN_CONSTANT_CONVERSION = YES;
				CLANG_WARN_DEPRECATED_OBJC_IMPLEMENTATIONS = YES;
				CLANG_WARN_DIRECT_OBJC_ISA_USAGE = YES_ERROR;
				CLANG_WARN_DOCUMENTATION_COMMENTS = YES;
				CLANG_WARN_EMPTY_BODY = YES;
				CLANG_WARN_ENUM_CONVERSION = YES;
				CLANG_WARN_INFINITE_RECURSION = YES;
				CLANG_WARN_INT_CONVERSION = YES;
				CLANG_WARN_NON_LITERAL_NULL_CONVERSION = YES;
				CLANG_WARN_OBJC_IMPLICIT_RETAIN_SELF = YES;
				CLANG_WARN_OBJC_LITERAL_CONVERSION = YES;
				CLANG_WARN_OBJC_ROOT_CLASS = YES_ERROR;
				CLANG_WARN_RANGE_LOOP_ANALYSIS = YES;
				CLANG_WARN_STRICT_PROTOTYPES = YES;
				CLANG_WARN_SUSPICIOUS_MOVE = YES;
				CLANG_WARN_UNGUARDED_AVAILABILITY = YES_AGGRESSIVE;
				CLANG_WARN_UNREACHABLE_CODE = YES;
				CLANG_WARN__DUPLICATE_METHOD_MATCH = YES;
				CODE_SIGN_IDENTITY = "iPhone Developer";
				COPY_PHASE_STRIP = NO;
				DEBUG_INFORMATION_FORMAT = "dwarf-with-dsym";
				ENABLE_NS_ASSERTIONS = NO;
				ENABLE_STRICT_OBJC_MSGSEND = YES;
				GCC_C_LANGUAGE_STANDARD = gnu11;
				GCC_NO_COMMON_BLOCKS = YES;
				GCC_WARN_64_TO_32_BIT_CONVERSION = YES;
				GCC_WARN_ABOUT_RETURN_TYPE = YES_ERROR;
				GCC_WARN_UNDECLARED_SELECTOR = YES;
				GCC_WARN_UNINITIALIZED_AUTOS = YES_AGGRESSIVE;
				GCC_WARN_UNUSED_FUNCTION = YES;
				GCC_WARN_UNUSED_VARIABLE = YES;
				IPHONEOS_DEPLOYMENT_TARGET = 12.1;
				MTL_ENABLE_DEBUG_INFO = NO;
				MTL_FAST_MATH = YES;
				SDKROOT = iphoneos;
				SWIFT_COMPILATION_MODE = wholemodule;
				SWIFT_OPTIMIZATION_LEVEL = "-O";
				VALIDATE_PRODUCT = YES;
			};
			name = Release;
		};
		343534892242B3CD00CCB1C5 /* Debug */ = {
			isa = XCBuildConfiguration;
			buildSettings = {
				ASSETCATALOG_COMPILER_APPICON_NAME = AppIcon;
				CODE_SIGN_STYLE = Automatic;
				DEVELOPMENT_TEAM = 2SS9AYZ8LT;
				INFOPLIST_FILE = "$(SRCROOT)/Sleepsta/Resources/Info.plist";
				LD_RUNPATH_SEARCH_PATHS = (
					"$(inherited)",
					"@executable_path/Frameworks",
				);
				PRODUCT_BUNDLE_IDENTIFIER = com.dillonmcelhinney.Sleepsta;
				PRODUCT_NAME = "$(TARGET_NAME)";
				SWIFT_VERSION = 4.2;
				TARGETED_DEVICE_FAMILY = "1,2";
			};
			name = Debug;
		};
		3435348A2242B3CD00CCB1C5 /* Release */ = {
			isa = XCBuildConfiguration;
			buildSettings = {
				ASSETCATALOG_COMPILER_APPICON_NAME = AppIcon;
				CODE_SIGN_STYLE = Automatic;
				DEVELOPMENT_TEAM = 2SS9AYZ8LT;
				INFOPLIST_FILE = "$(SRCROOT)/Sleepsta/Resources/Info.plist";
				LD_RUNPATH_SEARCH_PATHS = (
					"$(inherited)",
					"@executable_path/Frameworks",
				);
				PRODUCT_BUNDLE_IDENTIFIER = com.dillonmcelhinney.Sleepsta;
				PRODUCT_NAME = "$(TARGET_NAME)";
				SWIFT_VERSION = 4.2;
				TARGETED_DEVICE_FAMILY = "1,2";
			};
			name = Release;
		};
		3435348C2242B3CD00CCB1C5 /* Debug */ = {
			isa = XCBuildConfiguration;
			buildSettings = {
				ALWAYS_EMBED_SWIFT_STANDARD_LIBRARIES = YES;
				BUNDLE_LOADER = "$(TEST_HOST)";
				CODE_SIGN_STYLE = Automatic;
				DEVELOPMENT_TEAM = 2SS9AYZ8LT;
				INFOPLIST_FILE = SleepstaTests/Info.plist;
				LD_RUNPATH_SEARCH_PATHS = (
					"$(inherited)",
					"@executable_path/Frameworks",
					"@loader_path/Frameworks",
				);
				PRODUCT_BUNDLE_IDENTIFIER = com.dillonmcelhinney.SleepstaTests;
				PRODUCT_NAME = "$(TARGET_NAME)";
				SWIFT_VERSION = 4.2;
				TARGETED_DEVICE_FAMILY = "1,2";
				TEST_HOST = "$(BUILT_PRODUCTS_DIR)/Sleepsta.app/Sleepsta";
			};
			name = Debug;
		};
		3435348D2242B3CD00CCB1C5 /* Release */ = {
			isa = XCBuildConfiguration;
			buildSettings = {
				ALWAYS_EMBED_SWIFT_STANDARD_LIBRARIES = YES;
				BUNDLE_LOADER = "$(TEST_HOST)";
				CODE_SIGN_STYLE = Automatic;
				DEVELOPMENT_TEAM = 2SS9AYZ8LT;
				INFOPLIST_FILE = SleepstaTests/Info.plist;
				LD_RUNPATH_SEARCH_PATHS = (
					"$(inherited)",
					"@executable_path/Frameworks",
					"@loader_path/Frameworks",
				);
				PRODUCT_BUNDLE_IDENTIFIER = com.dillonmcelhinney.SleepstaTests;
				PRODUCT_NAME = "$(TARGET_NAME)";
				SWIFT_VERSION = 4.2;
				TARGETED_DEVICE_FAMILY = "1,2";
				TEST_HOST = "$(BUILT_PRODUCTS_DIR)/Sleepsta.app/Sleepsta";
			};
			name = Release;
		};
/* End XCBuildConfiguration section */

/* Begin XCConfigurationList section */
		343534662242B3CB00CCB1C5 /* Build configuration list for PBXProject "Sleepsta" */ = {
			isa = XCConfigurationList;
			buildConfigurations = (
				343534862242B3CD00CCB1C5 /* Debug */,
				343534872242B3CD00CCB1C5 /* Release */,
			);
			defaultConfigurationIsVisible = 0;
			defaultConfigurationName = Release;
		};
		343534882242B3CD00CCB1C5 /* Build configuration list for PBXNativeTarget "Sleepsta" */ = {
			isa = XCConfigurationList;
			buildConfigurations = (
				343534892242B3CD00CCB1C5 /* Debug */,
				3435348A2242B3CD00CCB1C5 /* Release */,
			);
			defaultConfigurationIsVisible = 0;
			defaultConfigurationName = Release;
		};
		3435348B2242B3CD00CCB1C5 /* Build configuration list for PBXNativeTarget "SleepstaTests" */ = {
			isa = XCConfigurationList;
			buildConfigurations = (
				3435348C2242B3CD00CCB1C5 /* Debug */,
				3435348D2242B3CD00CCB1C5 /* Release */,
			);
			defaultConfigurationIsVisible = 0;
			defaultConfigurationName = Release;
		};
/* End XCConfigurationList section */
	};
	rootObject = 343534632242B3CB00CCB1C5 /* Project object */;
}
